{
  "version": 4,
  "terraform_version": "1.0.5",
  "serial": 18,
  "lineage": "1565278c-d2ac-47ff-1d78-0ab6ee2fae5a",
  "outputs": {},
  "resources": [
    {
      "module": "module.cluster",
      "mode": "managed",
      "type": "google_container_cluster",
      "name": "cluster",
      "provider": "provider[\"registry.terraform.io/hashicorp/google\"]",
      "instances": [
        {
          "schema_version": 1,
          "attributes": {
            "additional_zones": [
              "us-central1-a",
              "us-central1-b",
              "us-central1-c"
            ],
            "addons_config": [
              {
                "horizontal_pod_autoscaling": [],
                "http_load_balancing": [],
                "kubernetes_dashboard": [
                  {
                    "disabled": true
                  }
                ],
                "network_policy_config": [
                  {
                    "disabled": false
                  }
                ]
              }
            ],
            "cluster_autoscaling": [],
            "cluster_ipv4_cidr": "10.41.0.0/16",
            "description": "",
            "enable_binary_authorization": false,
            "enable_kubernetes_alpha": false,
            "enable_legacy_abac": false,
            "enable_tpu": false,
            "endpoint": "35.232.191.193",
            "id": "gke-example",
            "initial_node_count": 1,
            "instance_group_urls": [],
            "ip_allocation_policy": [
              {
                "cluster_ipv4_cidr_block": "10.41.0.0/16",
                "cluster_secondary_range_name": "gke-pods-1",
                "create_subnetwork": false,
                "node_ipv4_cidr_block": "",
                "services_ipv4_cidr_block": "10.42.0.0/16",
                "services_secondary_range_name": "gke-services-1",
                "subnetwork_name": "",
                "use_ip_aliases": true
              }
            ],
            "location": "us-central1",
            "logging_service": "logging.googleapis.com/kubernetes",
            "maintenance_policy": [
              {
                "daily_maintenance_window": [
                  {
                    "duration": "PT4H0M0S",
                    "start_time": "06:00"
                  }
                ]
              }
            ],
            "master_auth": [
              {
                "client_certificate": "",
                "client_certificate_config": [
                  {
                    "issue_client_certificate": false
                  }
                ],
                "client_key": "",
                "cluster_ca_certificate": "LS0tLS1CRUdJTiBDRVJUSUZJQ0FURS0tLS0tCk1JSUVMRENDQXBTZ0F3SUJBZ0lRZDVsSkpUempuM2xRY01PSk5NU3dGREFOQmdrcWhraUc5dzBCQVFzRkFEQXYKTVMwd0t3WURWUVFERXlRMU16Y3lNalJpTXkxaVpqQmtMVFF3TVRFdFlXVmxOUzFoWVdNM05EZG1aRFkxWW1RdwpJQmNOTWpFd09ESXpNRFkwTkRVMldoZ1BNakExTVRBNE1UWXdOelEwTlRaYU1DOHhMVEFyQmdOVkJBTVRKRFV6Ck56SXlOR0l6TFdKbU1HUXROREF4TVMxaFpXVTFMV0ZoWXpjME4yWmtOalZpWkRDQ0FhSXdEUVlKS29aSWh2Y04KQVFFQkJRQURnZ0dQQURDQ0FZb0NnZ0dCQU03cDlKb2oxbEV6aGhaeFdvTzdDSzRGUExrL2RCcWlJaWlwSTlIaApVVGZ2MGxzTmpibzRDQ3hreUY5SEl5b3J3aEM0YnFiR1VNYVVyRlQ0Mjdla0VET0JzZ3d0cWFxSE15b0tuOFNvCk9keW5DR0tkdUpqMmlwTFNOUFlLMzlTeE5WNEZBeVNpcXp0TkttOEJlSHpRdHNwNVlpVjZyU3k3QlZ2RGtqQ3gKLzdRMHl0K2hFekl2NW1aZm8yUk9LV3U3OFduWklyM3pJbHJPUk5vZHN2VDRWMzlUMEx6VFpEQm9WeHhzaVhaTwpka2g5cE5IY2wydmlZdmYvdlBBME5Fa0IvZHc3Qmw3dmhUckYwRGxjK3NwZHVITHREQWNna2t2dHdqNzJtS3c4CnpKQjdNRDhCQlJoZWYxRmJNbUVDTmIwbllYeU5PTUljeEx0M3kxVEtHcFdxb0lnS3RNTFJZd2hZa2U5Y2pwb3YKMnNxeDdTdWNGWm9SbWpHMEFySmJvVUdML2ZlYTZ4TnBmZlh0VGxPdEc0MXJ4aE0xU2VqcEE5bnA3dzR5UzlHNAp4LzQweFBpZGkzOWNCeVFzeWFjNXk5ckwzcGRKUzYvQmFUWU14SXIxbGdqKzhHcVltNVZnVEZLSnpCekJxTTAzCmQ4OEdxeDY4bTk2V3ZzKzltbjhYZDM1Q1d3SURBUUFCbzBJd1FEQU9CZ05WSFE4QkFmOEVCQU1DQWdRd0R3WUQKVlIwVEFRSC9CQVV3QXdFQi96QWRCZ05WSFE0RUZnUVVSQUFFSU5kaTBYSXh6U1RuMXBPMUswaGVObzh3RFFZSgpLb1pJaHZjTkFRRUxCUUFEZ2dHQkFFQWg2a09kUEFSLzFKNnJRYWg0NlFFV1E4S1FBNUYweGw1akhlRnBhM1BLCjFhcTlQdGd4RlNvbGdPc21yUG4wN3FPSzgrV2JGQW4zQzJTY0d6WjNXMDI4ekNWZ0lNeURQazBCK3IrQ2J3U3IKU0QwQ2VGaFJCZ3JHR1ZYNWZKT2pGZGRONzBxUS9OeTRHb1ZtSmNReDNYMGdCM3dkdGtseEJJYXdOWi9sT0RDego5bk5pdlVONWhTVEVLd0gremk5UW1VTkI2aVFTYlJ1UUJndW53SGxMVnpta3NibWgzMmMzMHYwRTk2bGpZejBPCkpKVXIvcmo0UU5vZzY2NWJSTE1mMEE1RUc4Q2U3Mk5DRHhGS0piK2NrVUFFVVFvaUtLWXhjSkNlVUhXNktsdUkKRDYyNVc1RDB6Y3pJRldoQS9LYmJBM1hZK2ZSVEhWOElzblhrUlpuR2dWSFpGRDdZT0htQnA4bzBiemR6bHFTbQpCaXd3MG1CdVN6ZCt5dUJMN1YvRlZLM20yMXh4b0daYVlGSDV2RHNLaWk0a2pNWFFFVHF6K0lTSm1PczR1MEptCjNWUDRRWk1ENzg0SGxvTDJhZGNpcys4NjdJN0xOMXUxTU9rUFF4NTBSRG5MbDZiSGM4K3lxNjRVK2Y3S3M5L0IKSTBubUJPdHVONHpucTZSNDRscEs4UT09Ci0tLS0tRU5EIENFUlRJRklDQVRFLS0tLS0K",
                "password": "",
                "username": ""
              }
            ],
            "master_authorized_networks_config": [
              {
                "cidr_blocks": [
                  {
                    "cidr_block": "0.0.0.0/0",
                    "display_name": "everywhere"
                  }
                ]
              }
            ],
            "master_version": "1.20.8-gke.2100",
            "min_master_version": "1.20.8-gke.2100",
            "monitoring_service": "monitoring.googleapis.com/kubernetes",
            "name": "gke-example",
            "network": "projects/terraformgke-323516/global/networks/kube",
            "network_policy": [
              {
                "enabled": true,
                "provider": ""
              }
            ],
            "node_config": [],
            "node_locations": [
              "us-central1-a",
              "us-central1-b",
              "us-central1-c"
            ],
            "node_pool": [],
            "node_version": "1.20.8-gke.2100",
            "pod_security_policy_config": [],
            "private_cluster_config": [],
            "project": "terraformgke-323516",
            "region": "us-central1",
            "remove_default_node_pool": true,
            "resource_labels": {
              "kubernetescluster": "gke-example"
            },
            "subnetwork": "projects/terraformgke-323516/regions/us-central1/subnetworks/kube-subnet",
            "timeouts": null,
            "zone": null
          },
          "sensitive_attributes": [],
          "dependencies": [
            "module.network.google_compute_network.network",
            "module.network.google_compute_subnetwork.subnetwork"
          ],
          "create_before_destroy": true
        }
      ]
    },
    {
      "module": "module.network",
      "mode": "managed",
      "type": "google_compute_network",
      "name": "network",
      "provider": "provider[\"registry.terraform.io/hashicorp/google\"]",
      "instances": [
        {
          "schema_version": 0,
          "attributes": {
            "auto_create_subnetworks": false,
            "delete_default_routes_on_create": false,
            "description": "",
            "gateway_ipv4": "",
            "id": "kube",
            "ipv4_range": "",
            "name": "kube",
            "project": "terraformgke-323516",
            "routing_mode": "GLOBAL",
            "self_link": "https://www.googleapis.com/compute/v1/projects/terraformgke-323516/global/networks/kube",
            "timeouts": null
          },
          "sensitive_attributes": [],
          "create_before_destroy": true
        }
      ]
    },
    {
      "module": "module.network",
      "mode": "managed",
      "type": "google_compute_subnetwork",
      "name": "subnetwork",
      "provider": "provider[\"registry.terraform.io/hashicorp/google\"]",
      "instances": [
        {
          "schema_version": 0,
          "attributes": {
            "creation_timestamp": "2021-08-23T00:37:31.515-07:00",
            "description": "",
            "enable_flow_logs": false,
            "fingerprint": "DQuHudfqQbk=",
            "gateway_address": "10.40.0.1",
            "id": "us-central1/kube-subnet",
            "ip_cidr_range": "10.40.0.0/16",
            "name": "kube-subnet",
            "network": "https://www.googleapis.com/compute/v1/projects/terraformgke-323516/global/networks/kube",
            "private_ip_google_access": true,
            "project": "terraformgke-323516",
            "region": "us-central1",
            "secondary_ip_range": [
              {
                "ip_cidr_range": "10.41.0.0/16",
                "range_name": "gke-pods-1"
              },
              {
                "ip_cidr_range": "10.42.0.0/16",
                "range_name": "gke-services-1"
              }
            ],
            "self_link": "https://www.googleapis.com/compute/v1/projects/terraformgke-323516/regions/us-central1/subnetworks/kube-subnet",
            "timeouts": null
          },
          "sensitive_attributes": [],
          "dependencies": [
            "module.network.google_compute_network.network"
          ],
          "create_before_destroy": true
        }
      ]
    },
    {
      "module": "module.node_pool",
      "mode": "managed",
      "type": "google_container_node_pool",
      "name": "node_pool",
      "provider": "provider[\"registry.terraform.io/hashicorp/google\"]",
      "instances": [
        {
          "schema_version": 1,
          "attributes": {
            "autoscaling": [
              {
                "max_node_count": 2,
                "min_node_count": 1
              }
            ],
            "cluster": "gke-example",
            "id": "us-central1/gke-example/gke-example-node-pool-e59a",
            "initial_node_count": 1,
            "instance_group_urls": [
              "https://www.googleapis.com/compute/v1/projects/terraformgke-323516/zones/us-central1-c/instanceGroupManagers/gke-gke-example-gke-example-node-pool-130e8044-grp",
              "https://www.googleapis.com/compute/v1/projects/terraformgke-323516/zones/us-central1-a/instanceGroupManagers/gke-gke-example-gke-example-node-pool-4a7d9ed0-grp",
              "https://www.googleapis.com/compute/v1/projects/terraformgke-323516/zones/us-central1-b/instanceGroupManagers/gke-gke-example-gke-example-node-pool-85045df0-grp"
            ],
            "location": "us-central1",
            "management": [
              {
                "auto_repair": true,
                "auto_upgrade": true
              }
            ],
            "max_pods_per_node": 0,
            "name": "gke-example-node-pool-e59a",
            "name_prefix": "",
            "node_config": [
              {
                "disk_size_gb": 100,
                "disk_type": "pd-standard",
                "guest_accelerator": [],
                "image_type": "COS",
                "labels": {},
                "local_ssd_count": 0,
                "machine_type": "n1-standard-1",
                "metadata": {
                  "disable-legacy-endpoints": "true"
                },
                "min_cpu_platform": "",
                "oauth_scopes": [
                  "https://www.googleapis.com/auth/compute",
                  "https://www.googleapis.com/auth/devstorage.read_only",
                  "https://www.googleapis.com/auth/logging.write",
                  "https://www.googleapis.com/auth/monitoring"
                ],
                "preemptible": false,
                "service_account": "default",
                "tags": [],
                "taint": [],
                "workload_metadata_config": []
              }
            ],
            "node_count": 1,
            "project": "terraformgke-323516",
            "region": "us-central1",
            "timeouts": null,
            "version": "1.20.8-gke.2100",
            "zone": null
          },
          "sensitive_attributes": [],
          "private": "eyJlMmJmYjczMC1lY2FhLTExZTYtOGY4OC0zNDM2M2JjN2M0YzAiOnsiY3JlYXRlIjoxODAwMDAwMDAwMDAwLCJkZWxldGUiOjYwMDAwMDAwMDAwMCwidXBkYXRlIjo2MDAwMDAwMDAwMDB9LCJzY2hlbWFfdmVyc2lvbiI6IjEifQ==",
          "dependencies": [
            "module.cluster.google_container_cluster.cluster",
            "module.node_pool.random_id.entropy"
          ],
          "create_before_destroy": true
        }
      ]
    },
    {
      "module": "module.node_pool",
      "mode": "managed",
      "type": "random_id",
      "name": "entropy",
      "provider": "provider[\"registry.terraform.io/hashicorp/random\"]",
      "instances": [
        {
          "schema_version": 0,
          "attributes": {
            "b64_std": "5Zo=",
            "b64_url": "5Zo",
            "byte_length": 2,
            "dec": "58778",
            "hex": "e59a",
            "id": "5Zo",
            "keepers": {
              "disk_size": "100",
              "disk_type": "pd-standard",
              "initial_node_count": "1",
              "labels": "{}",
              "machine_type": "n1-standard-1",
              "name": "gke-example-node-pool",
              "region": "us-central1",
              "tags": ""
            },
            "prefix": null
          },
          "sensitive_attributes": [],
          "private": "bnVsbA==",
          "create_before_destroy": true
        }
      ]
    }
  ]
}
